
Microsoft Visual Studio Solution File, Format Version 12.00
# Visual Studio Version 17
VisualStudioVersion = 17.1.32328.378
MinimumVisualStudioVersion = 10.0.40219.1
Project("{FAE04EC0-301F-11D3-BF4B-00C04F79EFBC}") = "oodb", "oodb\oodb.csproj", "{CC5E877F-DA9D-453B-A096-09AE1C053CA3}"
EndProject
Global
	GlobalSection(SolutionConfigurationPlatforms) = preSolution
		Debug|Any CPU = Debug|Any CPU
		Release|Any CPU = Release|Any CPU
	EndGlobalSection
	GlobalSection(ProjectConfigurationPlatforms) = postSolution
		{CC5E877F-DA9D-453B-A096-09AE1C053CA3}.Debug|Any CPU.ActiveCfg = Debug|Any CPU
		{CC5E877F-DA9D-453B-A096-09AE1C053CA3}.Debug|Any CPU.Build.0 = Debug|Any CPU
		{CC5E877F-DA9D-453B-A096-09AE1C053CA3}.Release|Any CPU.ActiveCfg = Release|Any CPU
		{CC5E877F-DA9D-453B-A096-09AE1C053CA3}.Release|Any CPU.Build.0 = Release|Any CPU
	EndGlobalSection
	GlobalSection(SolutionProperties) = preSolution
		HideSolutionNode = FALSE
	EndGlobalSection
	GlobalSection(ExtensibilityGlobals) = postSolution
		SolutionGuid = {18B1003E-2674-41D3-AA94-338EFB4C075F}
	EndGlobalSection
EndGlobal
